
Microsoft Visual Studio Solution File, Format Version 12.00
# Visual Studio Version 17
VisualStudioVersion = 17.6.33829.357
MinimumVisualStudioVersion = 10.0.40219.1
Project("{9A19103F-16F7-4668-BE54-9A1E7A4F7556}") = "MVC", "MVC\MVC.csproj", "{83F9B74A-E130-49FB-BD2D-16A545DF54D4}"
EndProject
Project("{FAE04EC0-301F-11D3-BF4B-00C04F79EFBC}") = "Cofee", "Cofee\Cofee.csproj", "{450A35B4-9089-4202-8759-90880E2C1913}"
EndProject
Global
	GlobalSection(SolutionConfigurationPlatforms) = preSolution
		Debug|Any CPU = Debug|Any CPU
		Release|Any CPU = Release|Any CPU
	EndGlobalSection
	GlobalSection(ProjectConfigurationPlatforms) = postSolution
		{83F9B74A-E130-49FB-BD2D-16A545DF54D4}.Debug|Any CPU.ActiveCfg = Debug|Any CPU
		{83F9B74A-E130-49FB-BD2D-16A545DF54D4}.Debug|Any CPU.Build.0 = Debug|Any CPU
		{83F9B74A-E130-49FB-BD2D-16A545DF54D4}.Release|Any CPU.ActiveCfg = Release|Any CPU
		{83F9B74A-E130-49FB-BD2D-16A545DF54D4}.Release|Any CPU.Build.0 = Release|Any CPU
		{450A35B4-9089-4202-8759-90880E2C1913}.Debug|Any CPU.ActiveCfg = Debug|Any CPU
		{450A35B4-9089-4202-8759-90880E2C1913}.Debug|Any CPU.Build.0 = Debug|Any CPU
		{450A35B4-9089-4202-8759-90880E2C1913}.Release|Any CPU.ActiveCfg = Release|Any CPU
		{450A35B4-9089-4202-8759-90880E2C1913}.Release|Any CPU.Build.0 = Release|Any CPU
	EndGlobalSection
	GlobalSection(SolutionProperties) = preSolution
		HideSolutionNode = FALSE
	EndGlobalSection
	GlobalSection(ExtensibilityGlobals) = postSolution
		SolutionGuid = {0BE7E494-22AB-4B3E-93EB-F29A1270BCDD}
	EndGlobalSection
EndGlobal
